<?xml version="1.0" encoding="utf-8"?>
<Project ToolsVersion="4.0" xmlns="http://schemas.microsoft.com/developer/msbuild/2003">
  <ItemGroup>
    <Filter Include="EdiForge">
      <UniqueIdentifier>{0A945035-F660-AB40-1F7A-99E80BA6E0CE}</UniqueIdentifier>
    </Filter>
  </ItemGroup>
  <ItemGroup>
    <ClInclude Include="src\EdiForge.h" />
    <ClInclude Include="src\EdiForge\Application.h">
      <Filter>EdiForge</Filter>
    </ClInclude>
    <ClInclude Include="src\EdiForge\Core.h">
      <Filter>EdiForge</Filter>
    </ClInclude>
    <ClInclude Include="src\EdiForge\EntryPoint.h">
      <Filter>EdiForge</Filter>
    </ClInclude>
    <ClInclude Include="src\EdiForge\Log.h">
      <Filter>EdiForge</Filter>
    </ClInclude>
  </ItemGroup>
  <ItemGroup>
    <ClCompile Include="src\EdiForge\Application.cpp">
      <Filter>EdiForge</Filter>
    </ClCompile>
    <ClCompile Include="src\EdiForge\Log.cpp">
      <Filter>EdiForge</Filter>
    </ClCompile>
  </ItemGroup>
</Project>